
Microsoft Visual Studio Solution File, Format Version 12.00
# Visual Studio Version 16
VisualStudioVersion = 16.0.810.11
MinimumVisualStudioVersion = 10.0.40219.1
Project("{FAE04EC0-301F-11D3-BF4B-00C04F79EFBC}") = "VendingMachine", "VendingMachine\VendingMachine.csproj", "{EEBEFEB6-BE52-42D9-A418-C41853121444}"
EndProject
Project("{FAE04EC0-301F-11D3-BF4B-00C04F79EFBC}") = "VendingMachineTests", "VendingMachineTests\VendingMachineTests.csproj", "{F0F90CFD-A49B-4471-8000-889881650117}"
EndProject
Global
	GlobalSection(SolutionConfigurationPlatforms) = preSolution
		Debug|Any CPU = Debug|Any CPU
		Release|Any CPU = Release|Any CPU
	EndGlobalSection
	GlobalSection(ProjectConfigurationPlatforms) = postSolution
		{EEBEFEB6-BE52-42D9-A418-C41853121444}.Debug|Any CPU.ActiveCfg = Debug|Any CPU
		{EEBEFEB6-BE52-42D9-A418-C41853121444}.Debug|Any CPU.Build.0 = Debug|Any CPU
		{EEBEFEB6-BE52-42D9-A418-C41853121444}.Release|Any CPU.ActiveCfg = Release|Any CPU
		{EEBEFEB6-BE52-42D9-A418-C41853121444}.Release|Any CPU.Build.0 = Release|Any CPU
		{F0F90CFD-A49B-4471-8000-889881650117}.Debug|Any CPU.ActiveCfg = Debug|Any CPU
		{F0F90CFD-A49B-4471-8000-889881650117}.Debug|Any CPU.Build.0 = Debug|Any CPU
		{F0F90CFD-A49B-4471-8000-889881650117}.Release|Any CPU.ActiveCfg = Release|Any CPU
		{F0F90CFD-A49B-4471-8000-889881650117}.Release|Any CPU.Build.0 = Release|Any CPU
	EndGlobalSection
	GlobalSection(SolutionProperties) = preSolution
		HideSolutionNode = FALSE
	EndGlobalSection
	GlobalSection(ExtensibilityGlobals) = postSolution
		SolutionGuid = {70729E79-A3A5-4DF4-B1A3-F86BDFAC0FBD}
	EndGlobalSection
EndGlobal
